<?xml version="1.0" encoding="utf-8"?>
<Project ToolsVersion="4.0" xmlns="http://schemas.microsoft.com/developer/msbuild/2003">
  <ItemGroup>
    <ClCompile Include="Main.c" />
    <ClCompile Include="Tools\CUA\Command.c">
      <Filter>Tools\CUA</Filter>
    </ClCompile>
    <ClCompile Include="Tools\CUA\Session.c">
      <Filter>Tools\CUA</Filter>
    </ClCompile>
    <ClCompile Include="Tools\CUA\Keys.c">
      <Filter>Tools\CUA</Filter>
    </ClCompile>
    <ClCompile Include="Utils\Capture.cpp">
      <Filter>Utils</Filter>
    </ClCompile>
    <ClCompile Include="Tools\CUA\ChildSession.cpp">
      <Filter>Tools\CUA</Filter>
    </ClCompile>
    <ClCompile Include="Tools\CUA\Worker.c">
      <Filter>Tools\CUA</Filter>
    </ClCompile>
    <ClCompile Include="Tools\CUA\Uia.c">
      <Filter>Tools\CUA</Filter>
    </ClCompile>
    <ClCompile Include="Tools\CUA\Server.c">
      <Filter>Tools\CUA</Filter>
    </ClCompile>
    <ClCompile Include="Tools\CUA\Transport.c">
      <Filter>Tools\CUA</Filter>
    </ClCompile>
    <ClCompile Include="Tools\CUA\Cli.c">
      <Filter>Tools\CUA</Filter>
    </ClCompile>
    <ClCompile Include="Tests\TestRpc.c">
      <Filter>Tests</Filter>
    </ClCompile>
    <ClCompile Include="Tests\TestHost.c">
      <Filter>Tests</Filter>
    </ClCompile>
    <ClCompile Include="pch.cpp" />
    <ClCompile Include="Tools\File\Recycle.c">
      <Filter>Tools\File</Filter>
    </ClCompile>
    <ClCompile Include="Tools\CUA\Text.c">
      <Filter>Tools\CUA</Filter>
    </ClCompile>
    <ClCompile Include="Tools\CUA\Input.c">
      <Filter>Tools\CUA</Filter>
    </ClCompile>
    <ClCompile Include="Tools\Run\Elevate.c">
      <Filter>Tools\Run</Filter>
    </ClCompile>
    <ClCompile Include="Tools\Run\Locate.c">
      <Filter>Tools\Run</Filter>
    </ClCompile>
    <ClCompile Include="Tools\Run\Restrict.c">
      <Filter>Tools\Run</Filter>
    </ClCompile>
    <ClCompile Include="Tools\Text\Inspect.c">
      <Filter>Tools\Text</Filter>
    </ClCompile>
    <ClCompile Include="Utils\Output.c">
      <Filter>Utils</Filter>
    </ClCompile>
    <ClCompile Include="Tools\CUA\Inspect.c">
      <Filter>Tools\CUA</Filter>
    </ClCompile>
    <ClCompile Include="Tools\CUA\Window.c">
      <Filter>Tools\CUA</Filter>
    </ClCompile>
    <ClCompile Include="Utils\Process.c">
      <Filter>Utils</Filter>
    </ClCompile>
  </ItemGroup>
  <ItemGroup>
    <ClInclude Include="pch.h" />
    <ClInclude Include="Tools\CUA\Command.h">
      <Filter>Tools\CUA</Filter>
    </ClInclude>
    <ClInclude Include="Utils\Capture.h">
      <Filter>Utils</Filter>
    </ClInclude>
    <ClInclude Include="Tools\CUA\ChildSession.h">
      <Filter>Tools\CUA</Filter>
    </ClInclude>
    <ClInclude Include="Tools\CUA\Worker.h">
      <Filter>Tools\CUA</Filter>
    </ClInclude>
    <ClInclude Include="Tools\CUA\Uia.h">
      <Filter>Tools\CUA</Filter>
    </ClInclude>
    <ClInclude Include="Tools\CUA\Cli.h">
      <Filter>Tools\CUA</Filter>
    </ClInclude>
    <ClInclude Include="Tools\CUA\Server.h">
      <Filter>Tools\CUA</Filter>
    </ClInclude>
    <ClInclude Include="Tools\CUA\Transport.h">
      <Filter>Tools\CUA</Filter>
    </ClInclude>
    <ClInclude Include="Tests\TestRpc.h">
      <Filter>Tests</Filter>
    </ClInclude>
    <ClInclude Include="Tests\TestHost.h">
      <Filter>Tests</Filter>
    </ClInclude>
    <ClInclude Include="Utils\Utils.h">
      <Filter>Utils</Filter>
    </ClInclude>
    <ClInclude Include="resource.h" />
  </ItemGroup>
  <ItemGroup>
    <None Include="packages.config" />
    <Manifest Include="WUA-CLI.manifest" />
  </ItemGroup>
  <ItemGroup>
    <Filter Include="Tests">
      <UniqueIdentifier>{B2DA7267-19E3-4C41-8BF0-10E34778FF03}</UniqueIdentifier>
    </Filter>
    <Filter Include="Tools\CUA">
      <UniqueIdentifier>{A6DAFF64-4F1D-44D1-921E-9F54C10588A0}</UniqueIdentifier>
    </Filter>
    <Filter Include="Tools">
      <UniqueIdentifier>{a557ed21-0d10-48de-a8f3-b58701fd6e2b}</UniqueIdentifier>
    </Filter>
    <Filter Include="Utils">
      <UniqueIdentifier>{135f89ce-8898-46be-9842-a9a0d3b39580}</UniqueIdentifier>
    </Filter>
    <Filter Include="Tools\File">
      <UniqueIdentifier>{79a98669-ccbd-4a4b-8a0e-e0e3203c6c1b}</UniqueIdentifier>
    </Filter>
    <Filter Include="Tools\Text">
      <UniqueIdentifier>{05829a1d-2704-41d6-aae6-9088e191380d}</UniqueIdentifier>
    </Filter>
    <Filter Include="Tools\Run">
      <UniqueIdentifier>{d6156a21-0454-4df0-85eb-d0f0dd582f8c}</UniqueIdentifier>
    </Filter>
  </ItemGroup>
  <ItemGroup>
    <ResourceCompile Include="WUA-CLI.rc" />
  </ItemGroup>
  <ItemGroup>
    <CustomBuild Include="Tools\CUA\Rpc.idl">
      <Filter>Tools\CUA</Filter>
    </CustomBuild>
    <None Include="Tools\CUA\RpcClient.acf">
      <Filter>Tools\CUA</Filter>
    </None>
  </ItemGroup>
</Project>